
Microsoft Visual Studio Solution File, Format Version 12.00
# Visual Studio 15
VisualStudioVersion = 15.0.27004.2009
MinimumVisualStudioVersion = 10.0.40219.1
Project("{FAE04EC0-301F-11D3-BF4B-00C04F79EFBC}") = "ASP.NET MVC WebAPI Angular", "ASP.NET MVC WebAPI Angular\ASP.NET MVC WebAPI Angular.csproj", "{5D3A04CD-4C8A-43D2-9181-04769629468D}"
EndProject
Global
	GlobalSection(SolutionConfigurationPlatforms) = preSolution
		Debug|Any CPU = Debug|Any CPU
		Release|Any CPU = Release|Any CPU
	EndGlobalSection
	GlobalSection(ProjectConfigurationPlatforms) = postSolution
		{5D3A04CD-4C8A-43D2-9181-04769629468D}.Debug|Any CPU.ActiveCfg = Debug|Any CPU
		{5D3A04CD-4C8A-43D2-9181-04769629468D}.Debug|Any CPU.Build.0 = Debug|Any CPU
		{5D3A04CD-4C8A-43D2-9181-04769629468D}.Release|Any CPU.ActiveCfg = Release|Any CPU
		{5D3A04CD-4C8A-43D2-9181-04769629468D}.Release|Any CPU.Build.0 = Release|Any CPU
	EndGlobalSection
	GlobalSection(SolutionProperties) = preSolution
		HideSolutionNode = FALSE
	EndGlobalSection
	GlobalSection(ExtensibilityGlobals) = postSolution
		SolutionGuid = {5AA2C715-741F-4573-B2F1-3DDD945CF36B}
	EndGlobalSection
EndGlobal
